<?xml version="1.0" encoding="UTF-8" standalone="yes" ?>
<CodeBlocks_project_file>
	<FileVersion major="1" minor="6" />
	<Project>
		<Option title="a1035123" />
		<Option pch_mode="2" />
		<Option compiler="gcc" />
		<Build>
			<Target title="Debug">
				<Option output="bin/Debug/a1035123" prefix_auto="1" extension_auto="1" />
				<Option object_output="obj/Debug/" />
				<Option type="1" />
				<Option compiler="gcc" />
				<Compiler>
					<Add option="-g" />
				</Compiler>
			</Target>
			<Target title="Release">
				<Option output="bin/Release/a1035123" prefix_auto="1" extension_auto="1" />
				<Option object_output="obj/Release/" />
				<Option type="1" />
				<Option compiler="gcc" />
				<Compiler>
					<Add option="-O2" />
				</Compiler>
				<Linker>
					<Add option="-s" />
				</Linker>
			</Target>
		</Build>
		<Compiler>
			<Add option="-Wall" />
		</Compiler>
		<Unit filename="HEADER.h" />
		<Unit filename="deleteRecord.c">
			<Option compilerVar="CC" />
		</Unit>
		<Unit filename="enterChoice.c">
			<Option compilerVar="CC" />
		</Unit>
		<Unit filename="loadgame.c">
			<Option compilerVar="CC" />
		</Unit>
		<Unit filename="main.c">
			<Option compilerVar="CC" />
		</Unit>
		<Unit filename="music1.c">
			<Option compilerVar="CC" />
		</Unit>
		<Unit filename="music2.c">
			<Option compilerVar="CC" />
		</Unit>
		<Unit filename="newRecord.c">
			<Option compilerVar="CC" />
		</Unit>
		<Unit filename="print_array.c">
			<Option compilerVar="CC" />
		</Unit>
		<Unit filename="s_witch.c">
			<Option compilerVar="CC" />
		</Unit>
		<Unit filename="score.c">
			<Option compilerVar="CC" />
		</Unit>
		<Unit filename="setcolor.c">
			<Option compilerVar="CC" />
		</Unit>
		<Unit filename="smile.c">
			<Option compilerVar="CC" />
		</Unit>
		<Unit filename="struct.h" />
		<Unit filename="swap.c">
			<Option compilerVar="CC" />
		</Unit>
		<Unit filename="textFile.c">
			<Option compilerVar="CC" />
		</Unit>
		<Unit filename="updateRecord.c">
			<Option compilerVar="CC" />
		</Unit>
		<Extensions>
			<code_completion />
			<envvars />
			<debugger />
			<lib_finder disable_auto="1" />
		</Extensions>
	</Project>
</CodeBlocks_project_file>
